// !$*UTF8*$!
{
	archiveVersion = 1;
	classes = {
	};
	objectVersion = 56;
	objects = {

/* Begin PBXBuildFile section */
		F281D8AE29D9BE6000CA3A4F /* AirplanesOverheadApp.swift in Sources */ = {isa = PBXBuildFile; fileRef = F281D8AD29D9BE6000CA3A4F /* AirplanesOverheadApp.swift */; };
		F281D8B029D9BE6000CA3A4F /* ContentView.swift in Sources */ = {isa = PBXBuildFile; fileRef = F281D8AF29D9BE6000CA3A4F /* ContentView.swift */; };
		F281D8B229D9BE6100CA3A4F /* Assets.xcassets in Resources */ = {isa = PBXBuildFile; fileRef = F281D8B129D9BE6100CA3A4F /* Assets.xcassets */; };
		F281D8B529D9BE6100CA3A4F /* Preview Assets.xcassets in Resources */ = {isa = PBXBuildFile; fileRef = F281D8B429D9BE6100CA3A4F /* Preview Assets.xcassets */; };
		F281D8BF29D9BE6200CA3A4F /* AirplanesOverheadTests.swift in Sources */ = {isa = PBXBuildFile; fileRef = F281D8BE29D9BE6200CA3A4F /* AirplanesOverheadTests.swift */; };
		F281D8C929D9BE6200CA3A4F /* AirplanesOverheadUITests.swift in Sources */ = {isa = PBXBuildFile; fileRef = F281D8C829D9BE6200CA3A4F /* AirplanesOverheadUITests.swift */; };
		F281D8CB29D9BE6200CA3A4F /* AirplanesOverheadUITestsLaunchTests.swift in Sources */ = {isa = PBXBuildFile; fileRef = F281D8CA29D9BE6200CA3A4F /* AirplanesOverheadUITestsLaunchTests.swift */; };
/* End PBXBuildFile section */

/* Begin PBXContainerItemProxy section */
		F281D8BB29D9BE6200CA3A4F /* PBXContainerItemProxy */ = {
			isa = PBXContainerItemProxy;
			containerPortal = F281D8A229D9BE6000CA3A4F /* Project object */;
			proxyType = 1;
			remoteGlobalIDString = F281D8A929D9BE6000CA3A4F;
			remoteInfo = AirplanesOverhead;
		};
		F281D8C529D9BE6200CA3A4F /* PBXContainerItemProxy */ = {
			isa = PBXContainerItemProxy;
			containerPortal = F281D8A229D9BE6000CA3A4F /* Project object */;
			proxyType = 1;
			remoteGlobalIDString = F281D8A929D9BE6000CA3A4F;
			remoteInfo = AirplanesOverhead;
		};
/* End PBXContainerItemProxy section */

/* Begin PBXFileReference section */
		F281D8AA29D9BE6000CA3A4F /* AirplanesOverhead.app */ = {isa = PBXFileReference; explicitFileType = wrapper.application; includeInIndex = 0; path = AirplanesOverhead.app; sourceTree = BUILT_PRODUCTS_DIR; };
		F281D8AD29D9BE6000CA3A4F /* AirplanesOverheadApp.swift */ = {isa = PBXFileReference; lastKnownFileType = sourcecode.swift; path = AirplanesOverheadApp.swift; sourceTree = "<group>"; };
		F281D8AF29D9BE6000CA3A4F /* ContentView.swift */ = {isa = PBXFileReference; lastKnownFileType = sourcecode.swift; path = ContentView.swift; sourceTree = "<group>"; };
		F281D8B129D9BE6100CA3A4F /* Assets.xcassets */ = {isa = PBXFileReference; lastKnownFileType = folder.assetcatalog; path = Assets.xcassets; sourceTree = "<group>"; };
		F281D8B429D9BE6100CA3A4F /* Preview Assets.xcassets */ = {isa = PBXFileReference; lastKnownFileType = folder.assetcatalog; path = "Preview Assets.xcassets"; sourceTree = "<group>"; };
		F281D8BA29D9BE6200CA3A4F /* AirplanesOverheadTests.xctest */ = {isa = PBXFileReference; explicitFileType = wrapper.cfbundle; includeInIndex = 0; path = AirplanesOverheadTests.xctest; sourceTree = BUILT_PRODUCTS_DIR; };
		F281D8BE29D9BE6200CA3A4F /* AirplanesOverheadTests.swift */ = {isa = PBXFileReference; lastKnownFileType = sourcecode.swift; path = AirplanesOverheadTests.swift; sourceTree = "<group>"; };
		F281D8C429D9BE6200CA3A4F /* AirplanesOverheadUITests.xctest */ = {isa = PBXFileReference; explicitFileType = wrapper.cfbundle; includeInIndex = 0; path = AirplanesOverheadUITests.xctest; sourceTree = BUILT_PRODUCTS_DIR; };
		F281D8C829D9BE6200CA3A4F /* AirplanesOverheadUITests.swift */ = {isa = PBXFileReference; lastKnownFileType = sourcecode.swift; path = AirplanesOverheadUITests.swift; sourceTree = "<group>"; };
		F281D8CA29D9BE6200CA3A4F /* AirplanesOverheadUITestsLaunchTests.swift */ = {isa = PBXFileReference; lastKnownFileType = sourcecode.swift; path = AirplanesOverheadUITestsLaunchTests.swift; sourceTree = "<group>"; };
/* End PBXFileReference section */

/* Begin PBXFrameworksBuildPhase section */
		F281D8A729D9BE6000CA3A4F /* Frameworks */ = {
			isa = PBXFrameworksBuildPhase;
			buildActionMask = 2147483647;
			files = (
			);
			runOnlyForDeploymentPostprocessing = 0;
		};
		F281D8B729D9BE6200CA3A4F /* Frameworks */ = {
			isa = PBXFrameworksBuildPhase;
			buildActionMask = 2147483647;
			files = (
			);
			runOnlyForDeploymentPostprocessing = 0;
		};
		F281D8C129D9BE6200CA3A4F /* Frameworks */ = {
			isa = PBXFrameworksBuildPhase;
			buildActionMask = 2147483647;
			files = (
			);
			runOnlyForDeploymentPostprocessing = 0;
		};
/* End PBXFrameworksBuildPhase section */

/* Begin PBXGroup section */
		F281D8A129D9BE6000CA3A4F = {
			isa = PBXGroup;
			children = (
				F281D8AC29D9BE6000CA3A4F /* AirplanesOverhead */,
				F281D8BD29D9BE6200CA3A4F /* AirplanesOverheadTests */,
				F281D8C729D9BE6200CA3A4F /* AirplanesOverheadUITests */,
				F281D8AB29D9BE6000CA3A4F /* Products */,
			);
			sourceTree = "<group>";
		};
		F281D8AB29D9BE6000CA3A4F /* Products */ = {
			isa = PBXGroup;
			children = (
				F281D8AA29D9BE6000CA3A4F /* AirplanesOverhead.app */,
				F281D8BA29D9BE6200CA3A4F /* AirplanesOverheadTests.xctest */,
				F281D8C429D9BE6200CA3A4F /* AirplanesOverheadUITests.xctest */,
			);
			name = Products;
			sourceTree = "<group>";
		};
		F281D8AC29D9BE6000CA3A4F /* AirplanesOverhead */ = {
			isa = PBXGroup;
			children = (
				F281D8AD29D9BE6000CA3A4F /* AirplanesOverheadApp.swift */,
				F281D8AF29D9BE6000CA3A4F /* ContentView.swift */,
				F281D8B129D9BE6100CA3A4F /* Assets.xcassets */,
				F281D8B329D9BE6100CA3A4F /* Preview Content */,
			);
			path = AirplanesOverhead;
			sourceTree = "<group>";
		};
		F281D8B329D9BE6100CA3A4F /* Preview Content */ = {
			isa = PBXGroup;
			children = (
				F281D8B429D9BE6100CA3A4F /* Preview Assets.xcassets */,
			);
			path = "Preview Content";
			sourceTree = "<group>";
		};
		F281D8BD29D9BE6200CA3A4F /* AirplanesOverheadTests */ = {
			isa = PBXGroup;
			children = (
				F281D8BE29D9BE6200CA3A4F /* AirplanesOverheadTests.swift */,
			);
			path = AirplanesOverheadTests;
			sourceTree = "<group>";
		};
		F281D8C729D9BE6200CA3A4F /* AirplanesOverheadUITests */ = {
			isa = PBXGroup;
			children = (
				F281D8C829D9BE6200CA3A4F /* AirplanesOverheadUITests.swift */,
				F281D8CA29D9BE6200CA3A4F /* AirplanesOverheadUITestsLaunchTests.swift */,
			);
			path = AirplanesOverheadUITests;
			sourceTree = "<group>";
		};
/* End PBXGroup section */

/* Begin PBXNativeTarget section */
		F281D8A929D9BE6000CA3A4F /* AirplanesOverhead */ = {
			isa = PBXNativeTarget;
			buildConfigurationList = F281D8CE29D9BE6200CA3A4F /* Build configuration list for PBXNativeTarget "AirplanesOverhead" */;
			buildPhases = (
				F281D8A629D9BE6000CA3A4F /* Sources */,
				F281D8A729D9BE6000CA3A4F /* Frameworks */,
				F281D8A829D9BE6000CA3A4F /* Resources */,
			);
			buildRules = (
			);
			dependencies = (
			);
			name = AirplanesOverhead;
			productName = AirplanesOverhead;
			productReference = F281D8AA29D9BE6000CA3A4F /* AirplanesOverhead.app */;
			productType = "com.apple.product-type.application";
		};
		F281D8B929D9BE6200CA3A4F /* AirplanesOverheadTests */ = {
			isa = PBXNativeTarget;
			buildConfigurationList = F281D8D129D9BE6200CA3A4F /* Build configuration list for PBXNativeTarget "AirplanesOverheadTests" */;
			buildPhases = (
				F281D8B629D9BE6200CA3A4F /* Sources */,
				F281D8B729D9BE6200CA3A4F /* Frameworks */,
				F281D8B829D9BE6200CA3A4F /* Resources */,
			);
			buildRules = (
			);
			dependencies = (
				F281D8BC29D9BE6200CA3A4F /* PBXTargetDependency */,
			);
			name = AirplanesOverheadTests;
			productName = AirplanesOverheadTests;
			productReference = F281D8BA29D9BE6200CA3A4F /* AirplanesOverheadTests.xctest */;
			productType = "com.apple.product-type.bundle.unit-test";
		};
		F281D8C329D9BE6200CA3A4F /* AirplanesOverheadUITests */ = {
			isa = PBXNativeTarget;
			buildConfigurationList = F281D8D429D9BE6200CA3A4F /* Build configuration list for PBXNativeTarget "AirplanesOverheadUITests" */;
			buildPhases = (
				F281D8C029D9BE6200CA3A4F /* Sources */,
				F281D8C129D9BE6200CA3A4F /* Frameworks */,
				F281D8C229D9BE6200CA3A4F /* Resources */,
			);
			buildRules = (
			);
			dependencies = (
				F281D8C629D9BE6200CA3A4F /* PBXTargetDependency */,
			);
			name = AirplanesOverheadUITests;
			productName = AirplanesOverheadUITests;
			productReference = F281D8C429D9BE6200CA3A4F /* AirplanesOverheadUITests.xctest */;
			productType = "com.apple.product-type.bundle.ui-testing";
		};
/* End PBXNativeTarget section */

/* Begin PBXProject section */
		F281D8A229D9BE6000CA3A4F /* Project object */ = {
			isa = PBXProject;
			attributes = {
				BuildIndependentTargetsInParallel = 1;
				LastSwiftUpdateCheck = 1430;
				LastUpgradeCheck = 1430;
				TargetAttributes = {
					F281D8A929D9BE6000CA3A4F = {
						CreatedOnToolsVersion = 14.3;
					};
					F281D8B929D9BE6200CA3A4F = {
						CreatedOnToolsVersion = 14.3;
						TestTargetID = F281D8A929D9BE6000CA3A4F;
					};
					F281D8C329D9BE6200CA3A4F = {
						CreatedOnToolsVersion = 14.3;
						TestTargetID = F281D8A929D9BE6000CA3A4F;
					};
				};
			};
			buildConfigurationList = F281D8A529D9BE6000CA3A4F /* Build configuration list for PBXProject "AirplanesOverhead" */;
			compatibilityVersion = "Xcode 14.0";
			developmentRegion = en;
			hasScannedForEncodings = 0;
			knownRegions = (
				en,
				Base,
			);
			mainGroup = F281D8A129D9BE6000CA3A4F;
			productRefGroup = F281D8AB29D9BE6000CA3A4F /* Products */;
			projectDirPath = "";
			projectRoot = "";
			targets = (
				F281D8A929D9BE6000CA3A4F /* AirplanesOverhead */,
				F281D8B929D9BE6200CA3A4F /* AirplanesOverheadTests */,
				F281D8C329D9BE6200CA3A4F /* AirplanesOverheadUITests */,
			);
		};
/* End PBXProject section */

/* Begin PBXResourcesBuildPhase section */
		F281D8A829D9BE6000CA3A4F /* Resources */ = {
			isa = PBXResourcesBuildPhase;
			buildActionMask = 2147483647;
			files = (
				F281D8B529D9BE6100CA3A4F /* Preview Assets.xcassets in Resources */,
				F281D8B229D9BE6100CA3A4F /* Assets.xcassets in Resources */,
			);
			runOnlyForDeploymentPostprocessing = 0;
		};
		F281D8B829D9BE6200CA3A4F /* Resources */ = {
			isa = PBXResourcesBuildPhase;
			buildActionMask = 2147483647;
			files = (
			);
			runOnlyForDeploymentPostprocessing = 0;
		};
		F281D8C229D9BE6200CA3A4F /* Resources */ = {
			isa = PBXResourcesBuildPhase;
			buildActionMask = 2147483647;
			files = (
			);
			runOnlyForDeploymentPostprocessing = 0;
		};
/* End PBXResourcesBuildPhase section */

/* Begin PBXSourcesBuildPhase section */
		F281D8A629D9BE6000CA3A4F /* Sources */ = {
			isa = PBXSourcesBuildPhase;
			buildActionMask = 2147483647;
			files = (
				F281D8B029D9BE6000CA3A4F /* ContentView.swift in Sources */,
				F281D8AE29D9BE6000CA3A4F /* AirplanesOverheadApp.swift in Sources */,
			);
			runOnlyForDeploymentPostprocessing = 0;
		};
		F281D8B629D9BE6200CA3A4F /* Sources */ = {
			isa = PBXSourcesBuildPhase;
			buildActionMask = 2147483647;
			files = (
				F281D8BF29D9BE6200CA3A4F /* AirplanesOverheadTests.swift in Sources */,
			);
			runOnlyForDeploymentPostprocessing = 0;
		};
		F281D8C029D9BE6200CA3A4F /* Sources */ = {
			isa = PBXSourcesBuildPhase;
			buildActionMask = 2147483647;
			files = (
				F281D8CB29D9BE6200CA3A4F /* AirplanesOverheadUITestsLaunchTests.swift in Sources */,
				F281D8C929D9BE6200CA3A4F /* AirplanesOverheadUITests.swift in Sources */,
			);
			runOnlyForDeploymentPostprocessing = 0;
		};
/* End PBXSourcesBuildPhase section */

/* Begin PBXTargetDependency section */
		F281D8BC29D9BE6200CA3A4F /* PBXTargetDependency */ = {
			isa = PBXTargetDependency;
			target = F281D8A929D9BE6000CA3A4F /* AirplanesOverhead */;
			targetProxy = F281D8BB29D9BE6200CA3A4F /* PBXContainerItemProxy */;
		};
		F281D8C629D9BE6200CA3A4F /* PBXTargetDependency */ = {
			isa = PBXTargetDependency;
			target = F281D8A929D9BE6000CA3A4F /* AirplanesOverhead */;
			targetProxy = F281D8C529D9BE6200CA3A4F /* PBXContainerItemProxy */;
		};
/* End PBXTargetDependency section */

/* Begin XCBuildConfiguration section */
		F281D8CC29D9BE6200CA3A4F /* Debug */ = {
			isa = XCBuildConfiguration;
			buildSettings = {
				ALWAYS_SEARCH_USER_PATHS = NO;
				CLANG_ANALYZER_NONNULL = YES;
				CLANG_ANALYZER_NUMBER_OBJECT_CONVERSION = YES_AGGRESSIVE;
				CLANG_CXX_LANGUAGE_STANDARD = "gnu++20";
				CLANG_ENABLE_MODULES = YES;
				CLANG_ENABLE_OBJC_ARC = YES;
				CLANG_ENABLE_OBJC_WEAK = YES;
				CLANG_WARN_BLOCK_CAPTURE_AUTORELEASING = YES;
				CLANG_WARN_BOOL_CONVERSION = YES;
				CLANG_WARN_COMMA = YES;
				CLANG_WARN_CONSTANT_CONVERSION = YES;
				CLANG_WARN_DEPRECATED_OBJC_IMPLEMENTATIONS = YES;
				CLANG_WARN_DIRECT_OBJC_ISA_USAGE = YES_ERROR;
				CLANG_WARN_DOCUMENTATION_COMMENTS = YES;
				CLANG_WARN_EMPTY_BODY = YES;
				CLANG_WARN_ENUM_CONVERSION = YES;
				CLANG_WARN_INFINITE_RECURSION = YES;
				CLANG_WARN_INT_CONVERSION = YES;
				CLANG_WARN_NON_LITERAL_NULL_CONVERSION = YES;
				CLANG_WARN_OBJC_IMPLICIT_RETAIN_SELF = YES;
				CLANG_WARN_OBJC_LITERAL_CONVERSION = YES;
				CLANG_WARN_OBJC_ROOT_CLASS = YES_ERROR;
				CLANG_WARN_QUOTED_INCLUDE_IN_FRAMEWORK_HEADER = YES;
				CLANG_WARN_RANGE_LOOP_ANALYSIS = YES;
				CLANG_WARN_STRICT_PROTOTYPES = YES;
				CLANG_WARN_SUSPICIOUS_MOVE = YES;
				CLANG_WARN_UNGUARDED_AVAILABILITY = YES_AGGRESSIVE;
				CLANG_WARN_UNREACHABLE_CODE = YES;
				CLANG_WARN__DUPLICATE_METHOD_MATCH = YES;
				COPY_PHASE_STRIP = NO;
				DEBUG_INFORMATION_FORMAT = dwarf;
				ENABLE_STRICT_OBJC_MSGSEND = YES;
				ENABLE_TESTABILITY = YES;
				GCC_C_LANGUAGE_STANDARD = gnu11;
				GCC_DYNAMIC_NO_PIC = NO;
				GCC_NO_COMMON_BLOCKS = YES;
				GCC_OPTIMIZATION_LEVEL = 0;
				GCC_PREPROCESSOR_DEFINITIONS = (
					"DEBUG=1",
					"$(inherited)",
				);
				GCC_WARN_64_TO_32_BIT_CONVERSION = YES;
				GCC_WARN_ABOUT_RETURN_TYPE = YES_ERROR;
				GCC_WARN_UNDECLARED_SELECTOR = YES;
				GCC_WARN_UNINITIALIZED_AUTOS = YES_AGGRESSIVE;
				GCC_WARN_UNUSED_FUNCTION = YES;
				GCC_WARN_UNUSED_VARIABLE = YES;
				IPHONEOS_DEPLOYMENT_TARGET = 16.4;
				MTL_ENABLE_DEBUG_INFO = INCLUDE_SOURCE;
				MTL_FAST_MATH = YES;
				ONLY_ACTIVE_ARCH = YES;
				SDKROOT = iphoneos;
				SWIFT_ACTIVE_COMPILATION_CONDITIONS = DEBUG;
				SWIFT_OPTIMIZATION_LEVEL = "-Onone";
			};
			name = Debug;
		};
		F281D8CD29D9BE6200CA3A4F /* Release */ = {
			isa = XCBuildConfiguration;
			buildSettings = {
				ALWAYS_SEARCH_USER_PATHS = NO;
				CLANG_ANALYZER_NONNULL = YES;
				CLANG_ANALYZER_NUMBER_OBJECT_CONVERSION = YES_AGGRESSIVE;
				CLANG_CXX_LANGUAGE_STANDARD = "gnu++20";
				CLANG_ENABLE_MODULES = YES;
				CLANG_ENABLE_OBJC_ARC = YES;
				CLANG_ENABLE_OBJC_WEAK = YES;
				CLANG_WARN_BLOCK_CAPTURE_AUTORELEASING = YES;
				CLANG_WARN_BOOL_CONVERSION = YES;
				CLANG_WARN_COMMA = YES;
				CLANG_WARN_CONSTANT_CONVERSION = YES;
				CLANG_WARN_DEPRECATED_OBJC_IMPLEMENTATIONS = YES;
				CLANG_WARN_DIRECT_OBJC_ISA_USAGE = YES_ERROR;
				CLANG_WARN_DOCUMENTATION_COMMENTS = YES;
				CLANG_WARN_EMPTY_BODY = YES;
				CLANG_WARN_ENUM_CONVERSION = YES;
				CLANG_WARN_INFINITE_RECURSION = YES;
				CLANG_WARN_INT_CONVERSION = YES;
				CLANG_WARN_NON_LITERAL_NULL_CONVERSION = YES;
				CLANG_WARN_OBJC_IMPLICIT_RETAIN_SELF = YES;
				CLANG_WARN_OBJC_LITERAL_CONVERSION = YES;
				CLANG_WARN_OBJC_ROOT_CLASS = YES_ERROR;
				CLANG_WARN_QUOTED_INCLUDE_IN_FRAMEWORK_HEADER = YES;
				CLANG_WARN_RANGE_LOOP_ANALYSIS = YES;
				CLANG_WARN_STRICT_PROTOTYPES = YES;
				CLANG_WARN_SUSPICIOUS_MOVE = YES;
				CLANG_WARN_UNGUARDED_AVAILABILITY = YES_AGGRESSIVE;
				CLANG_WARN_UNREACHABLE_CODE = YES;
				CLANG_WARN__DUPLICATE_METHOD_MATCH = YES;
				COPY_PHASE_STRIP = NO;
				DEBUG_INFORMATION_FORMAT = "dwarf-with-dsym";
				ENABLE_NS_ASSERTIONS = NO;
				ENABLE_STRICT_OBJC_MSGSEND = YES;
				GCC_C_LANGUAGE_STANDARD = gnu11;
				GCC_NO_COMMON_BLOCKS = YES;
				GCC_WARN_64_TO_32_BIT_CONVERSION = YES;
				GCC_WARN_ABOUT_RETURN_TYPE = YES_ERROR;
				GCC_WARN_UNDECLARED_SELECTOR = YES;
				GCC_WARN_UNINITIALIZED_AUTOS = YES_AGGRESSIVE;
				GCC_WARN_UNUSED_FUNCTION = YES;
				GCC_WARN_UNUSED_VARIABLE = YES;
				IPHONEOS_DEPLOYMENT_TARGET = 16.4;
				MTL_ENABLE_DEBUG_INFO = NO;
				MTL_FAST_MATH = YES;
				SDKROOT = iphoneos;
				SWIFT_COMPILATION_MODE = wholemodule;
				SWIFT_OPTIMIZATION_LEVEL = "-O";
				VALIDATE_PRODUCT = YES;
			};
			name = Release;
		};
		F281D8CF29D9BE6200CA3A4F /* Debug */ = {
			isa = XCBuildConfiguration;
			buildSettings = {
				ASSETCATALOG_COMPILER_APPICON_NAME = AppIcon;
				ASSETCATALOG_COMPILER_GLOBAL_ACCENT_COLOR_NAME = AccentColor;
				CODE_SIGN_STYLE = Automatic;
				CURRENT_PROJECT_VERSION = 1;
				DEVELOPMENT_ASSET_PATHS = "\"AirplanesOverhead/Preview Content\"";
				ENABLE_PREVIEWS = YES;
				GENERATE_INFOPLIST_FILE = YES;
				INFOPLIST_KEY_UIApplicationSceneManifest_Generation = YES;
				INFOPLIST_KEY_UIApplicationSupportsIndirectInputEvents = YES;
				INFOPLIST_KEY_UILaunchScreen_Generation = YES;
				INFOPLIST_KEY_UISupportedInterfaceOrientations_iPad = "UIInterfaceOrientationPortrait UIInterfaceOrientationPortraitUpsideDown UIInterfaceOrientationLandscapeLeft UIInterfaceOrientationLandscapeRight";
				INFOPLIST_KEY_UISupportedInterfaceOrientations_iPhone = "UIInterfaceOrientationPortrait UIInterfaceOrientationLandscapeLeft UIInterfaceOrientationLandscapeRight";
				LD_RUNPATH_SEARCH_PATHS = (
					"$(inherited)",
					"@executable_path/Frameworks",
				);
				MARKETING_VERSION = 1.0;
				PRODUCT_BUNDLE_IDENTIFIER = jakdev.AirplanesOverhead;
				PRODUCT_NAME = "$(TARGET_NAME)";
				SWIFT_EMIT_LOC_STRINGS = YES;
				SWIFT_VERSION = 5.0;
				TARGETED_DEVICE_FAMILY = "1,2";
			};
			name = Debug;
		};
		F281D8D029D9BE6200CA3A4F /* Release */ = {
			isa = XCBuildConfiguration;
			buildSettings = {
				ASSETCATALOG_COMPILER_APPICON_NAME = AppIcon;
				ASSETCATALOG_COMPILER_GLOBAL_ACCENT_COLOR_NAME = AccentColor;
				CODE_SIGN_STYLE = Automatic;
				CURRENT_PROJECT_VERSION = 1;
				DEVELOPMENT_ASSET_PATHS = "\"AirplanesOverhead/Preview Content\"";
				ENABLE_PREVIEWS = YES;
				GENERATE_INFOPLIST_FILE = YES;
				INFOPLIST_KEY_UIApplicationSceneManifest_Generation = YES;
				INFOPLIST_KEY_UIApplicationSupportsIndirectInputEvents = YES;
				INFOPLIST_KEY_UILaunchScreen_Generation = YES;
				INFOPLIST_KEY_UISupportedInterfaceOrientations_iPad = "UIInterfaceOrientationPortrait UIInterfaceOrientationPortraitUpsideDown UIInterfaceOrientationLandscapeLeft UIInterfaceOrientationLandscapeRight";
				INFOPLIST_KEY_UISupportedInterfaceOrientations_iPhone = "UIInterfaceOrientationPortrait UIInterfaceOrientationLandscapeLeft UIInterfaceOrientationLandscapeRight";
				LD_RUNPATH_SEARCH_PATHS = (
					"$(inherited)",
					"@executable_path/Frameworks",
				);
				MARKETING_VERSION = 1.0;
				PRODUCT_BUNDLE_IDENTIFIER = jakdev.AirplanesOverhead;
				PRODUCT_NAME = "$(TARGET_NAME)";
				SWIFT_EMIT_LOC_STRINGS = YES;
				SWIFT_VERSION = 5.0;
				TARGETED_DEVICE_FAMILY = "1,2";
			};
			name = Release;
		};
		F281D8D229D9BE6200CA3A4F /* Debug */ = {
			isa = XCBuildConfiguration;
			buildSettings = {
				ALWAYS_EMBED_SWIFT_STANDARD_LIBRARIES = YES;
				BUNDLE_LOADER = "$(TEST_HOST)";
				CODE_SIGN_STYLE = Automatic;
				CURRENT_PROJECT_VERSION = 1;
				GENERATE_INFOPLIST_FILE = YES;
				IPHONEOS_DEPLOYMENT_TARGET = 16.4;
				MARKETING_VERSION = 1.0;
				PRODUCT_BUNDLE_IDENTIFIER = jakdev.AirplanesOverheadTests;
				PRODUCT_NAME = "$(TARGET_NAME)";
				SWIFT_EMIT_LOC_STRINGS = NO;
				SWIFT_VERSION = 5.0;
				TARGETED_DEVICE_FAMILY = "1,2";
				TEST_HOST = "$(BUILT_PRODUCTS_DIR)/AirplanesOverhead.app/$(BUNDLE_EXECUTABLE_FOLDER_PATH)/AirplanesOverhead";
			};
			name = Debug;
		};
		F281D8D329D9BE6200CA3A4F /* Release */ = {
			isa = XCBuildConfiguration;
			buildSettings = {
				ALWAYS_EMBED_SWIFT_STANDARD_LIBRARIES = YES;
				BUNDLE_LOADER = "$(TEST_HOST)";
				CODE_SIGN_STYLE = Automatic;
				CURRENT_PROJECT_VERSION = 1;
				GENERATE_INFOPLIST_FILE = YES;
				IPHONEOS_DEPLOYMENT_TARGET = 16.4;
				MARKETING_VERSION = 1.0;
				PRODUCT_BUNDLE_IDENTIFIER = jakdev.AirplanesOverheadTests;
				PRODUCT_NAME = "$(TARGET_NAME)";
				SWIFT_EMIT_LOC_STRINGS = NO;
				SWIFT_VERSION = 5.0;
				TARGETED_DEVICE_FAMILY = "1,2";
				TEST_HOST = "$(BUILT_PRODUCTS_DIR)/AirplanesOverhead.app/$(BUNDLE_EXECUTABLE_FOLDER_PATH)/AirplanesOverhead";
			};
			name = Release;
		};
		F281D8D529D9BE6200CA3A4F /* Debug */ = {
			isa = XCBuildConfiguration;
			buildSettings = {
				ALWAYS_EMBED_SWIFT_STANDARD_LIBRARIES = YES;
				CODE_SIGN_STYLE = Automatic;
				CURRENT_PROJECT_VERSION = 1;
				GENERATE_INFOPLIST_FILE = YES;
				MARKETING_VERSION = 1.0;
				PRODUCT_BUNDLE_IDENTIFIER = jakdev.AirplanesOverheadUITests;
				PRODUCT_NAME = "$(TARGET_NAME)";
				SWIFT_EMIT_LOC_STRINGS = NO;
				SWIFT_VERSION = 5.0;
				TARGETED_DEVICE_FAMILY = "1,2";
				TEST_TARGET_NAME = AirplanesOverhead;
			};
			name = Debug;
		};
		F281D8D629D9BE6200CA3A4F /* Release */ = {
			isa = XCBuildConfiguration;
			buildSettings = {
				ALWAYS_EMBED_SWIFT_STANDARD_LIBRARIES = YES;
				CODE_SIGN_STYLE = Automatic;
				CURRENT_PROJECT_VERSION = 1;
				GENERATE_INFOPLIST_FILE = YES;
				MARKETING_VERSION = 1.0;
				PRODUCT_BUNDLE_IDENTIFIER = jakdev.AirplanesOverheadUITests;
				PRODUCT_NAME = "$(TARGET_NAME)";
				SWIFT_EMIT_LOC_STRINGS = NO;
				SWIFT_VERSION = 5.0;
				TARGETED_DEVICE_FAMILY = "1,2";
				TEST_TARGET_NAME = AirplanesOverhead;
			};
			name = Release;
		};
/* End XCBuildConfiguration section */

/* Begin XCConfigurationList section */
		F281D8A529D9BE6000CA3A4F /* Build configuration list for PBXProject "AirplanesOverhead" */ = {
			isa = XCConfigurationList;
			buildConfigurations = (
				F281D8CC29D9BE6200CA3A4F /* Debug */,
				F281D8CD29D9BE6200CA3A4F /* Release */,
			);
			defaultConfigurationIsVisible = 0;
			defaultConfigurationName = Release;
		};
		F281D8CE29D9BE6200CA3A4F /* Build configuration list for PBXNativeTarget "AirplanesOverhead" */ = {
			isa = XCConfigurationList;
			buildConfigurations = (
				F281D8CF29D9BE6200CA3A4F /* Debug */,
				F281D8D029D9BE6200CA3A4F /* Release */,
			);
			defaultConfigurationIsVisible = 0;
			defaultConfigurationName = Release;
		};
		F281D8D129D9BE6200CA3A4F /* Build configuration list for PBXNativeTarget "AirplanesOverheadTests" */ = {
			isa = XCConfigurationList;
			buildConfigurations = (
				F281D8D229D9BE6200CA3A4F /* Debug */,
				F281D8D329D9BE6200CA3A4F /* Release */,
			);
			defaultConfigurationIsVisible = 0;
			defaultConfigurationName = Release;
		};
		F281D8D429D9BE6200CA3A4F /* Build configuration list for PBXNativeTarget "AirplanesOverheadUITests" */ = {
			isa = XCConfigurationList;
			buildConfigurations = (
				F281D8D529D9BE6200CA3A4F /* Debug */,
				F281D8D629D9BE6200CA3A4F /* Release */,
			);
			defaultConfigurationIsVisible = 0;
			defaultConfigurationName = Release;
		};
/* End XCConfigurationList section */
	};
	rootObject = F281D8A229D9BE6000CA3A4F /* Project object */;
}
